
Microsoft Visual Studio Solution File, Format Version 12.00
# Visual Studio Version 17
VisualStudioVersion = 17.3.32714.290
MinimumVisualStudioVersion = 10.0.40219.1
Project("{FAE04EC0-301F-11D3-BF4B-00C04F79EFBC}") = "ProcessRestarter", "ProcessRestarter\ProcessRestarter.csproj", "{0711A80F-3B96-43CD-B54B-D71D98C109D8}"
EndProject
Global
	GlobalSection(SolutionConfigurationPlatforms) = preSolution
		Debug|Any CPU = Debug|Any CPU
		Release|Any CPU = Release|Any CPU
	EndGlobalSection
	GlobalSection(ProjectConfigurationPlatforms) = postSolution
		{0711A80F-3B96-43CD-B54B-D71D98C109D8}.Debug|Any CPU.ActiveCfg = Debug|Any CPU
		{0711A80F-3B96-43CD-B54B-D71D98C109D8}.Debug|Any CPU.Build.0 = Debug|Any CPU
		{0711A80F-3B96-43CD-B54B-D71D98C109D8}.Release|Any CPU.ActiveCfg = Release|Any CPU
		{0711A80F-3B96-43CD-B54B-D71D98C109D8}.Release|Any CPU.Build.0 = Release|Any CPU
	EndGlobalSection
	GlobalSection(SolutionProperties) = preSolution
		HideSolutionNode = FALSE
	EndGlobalSection
	GlobalSection(ExtensibilityGlobals) = postSolution
		SolutionGuid = {EB860E42-D017-47F3-8BF8-8D7AAACD3D26}
	EndGlobalSection
EndGlobal
